
Microsoft Visual Studio Solution File, Format Version 12.00
# Visual Studio Version 16
VisualStudioVersion = 16.0.30907.101
MinimumVisualStudioVersion = 10.0.40219.1
Project("{FAE04EC0-301F-11D3-BF4B-00C04F79EFBC}") = "ExFixacao", "ExFixacao\ExFixacao.csproj", "{D9712E83-9274-454F-8823-3463D999E0D3}"
EndProject
Global
	GlobalSection(SolutionConfigurationPlatforms) = preSolution
		Debug|Any CPU = Debug|Any CPU
		Release|Any CPU = Release|Any CPU
	EndGlobalSection
	GlobalSection(ProjectConfigurationPlatforms) = postSolution
		{D9712E83-9274-454F-8823-3463D999E0D3}.Debug|Any CPU.ActiveCfg = Debug|Any CPU
		{D9712E83-9274-454F-8823-3463D999E0D3}.Debug|Any CPU.Build.0 = Debug|Any CPU
		{D9712E83-9274-454F-8823-3463D999E0D3}.Release|Any CPU.ActiveCfg = Release|Any CPU
		{D9712E83-9274-454F-8823-3463D999E0D3}.Release|Any CPU.Build.0 = Release|Any CPU
	EndGlobalSection
	GlobalSection(SolutionProperties) = preSolution
		HideSolutionNode = FALSE
	EndGlobalSection
	GlobalSection(ExtensibilityGlobals) = postSolution
		SolutionGuid = {08C3EEDE-AA5A-46BB-8B32-9366A8EB4CBD}
	EndGlobalSection
EndGlobal
